
Microsoft Visual Studio Solution File, Format Version 12.00
# Visual Studio 15
VisualStudioVersion = 15.0.28307.421
MinimumVisualStudioVersion = 10.0.40219.1
Project("{FAE04EC0-301F-11D3-BF4B-00C04F79EFBC}") = "WebService", "WebService\WebService.csproj", "{55D2C5D6-090D-4F09-A392-E6EBF8E7DE0F}"
EndProject
Project("{FAE04EC0-301F-11D3-BF4B-00C04F79EFBC}") = "WebService.Tests", "WebService.Tests\WebService.Tests.csproj", "{BB8B383D-87E7-47C4-9EE6-B344C5CD188D}"
EndProject
Global
	GlobalSection(SolutionConfigurationPlatforms) = preSolution
		Debug|Any CPU = Debug|Any CPU
		Release|Any CPU = Release|Any CPU
	EndGlobalSection
	GlobalSection(ProjectConfigurationPlatforms) = postSolution
		{55D2C5D6-090D-4F09-A392-E6EBF8E7DE0F}.Debug|Any CPU.ActiveCfg = Debug|Any CPU
		{55D2C5D6-090D-4F09-A392-E6EBF8E7DE0F}.Debug|Any CPU.Build.0 = Debug|Any CPU
		{55D2C5D6-090D-4F09-A392-E6EBF8E7DE0F}.Release|Any CPU.ActiveCfg = Release|Any CPU
		{55D2C5D6-090D-4F09-A392-E6EBF8E7DE0F}.Release|Any CPU.Build.0 = Release|Any CPU
		{BB8B383D-87E7-47C4-9EE6-B344C5CD188D}.Debug|Any CPU.ActiveCfg = Debug|Any CPU
		{BB8B383D-87E7-47C4-9EE6-B344C5CD188D}.Debug|Any CPU.Build.0 = Debug|Any CPU
		{BB8B383D-87E7-47C4-9EE6-B344C5CD188D}.Release|Any CPU.ActiveCfg = Release|Any CPU
		{BB8B383D-87E7-47C4-9EE6-B344C5CD188D}.Release|Any CPU.Build.0 = Release|Any CPU
	EndGlobalSection
	GlobalSection(SolutionProperties) = preSolution
		HideSolutionNode = FALSE
	EndGlobalSection
	GlobalSection(ExtensibilityGlobals) = postSolution
		SolutionGuid = {474A8031-6392-4460-9735-99118CA1B7ED}
	EndGlobalSection
EndGlobal
